
Microsoft Visual Studio Solution File, Format Version 12.00
# Visual Studio Version 17
VisualStudioVersion = 17.14.36429.23
MinimumVisualStudioVersion = 10.0.40219.1
Project("{2150E333-8FDC-42A3-9474-1A3956D46DE8}") = "Task0", "Task0", "{02EA681E-C7D8-13C7-8484-4AC65E1B71E8}"
EndProject
Project("{2150E333-8FDC-42A3-9474-1A3956D46DE8}") = "Task1", "Task1", "{8BCCAC98-82DA-4773-8135-C4A3EA9463E2}"
EndProject
Project("{2150E333-8FDC-42A3-9474-1A3956D46DE8}") = "Task2", "Task2", "{7A8C7017-4E4A-4252-9196-CB7018067FCB}"
EndProject
Project("{2150E333-8FDC-42A3-9474-1A3956D46DE8}") = "Task3", "Task3", "{A288B865-4E71-406B-9D7A-87021FE5703D}"
EndProject
Project("{2150E333-8FDC-42A3-9474-1A3956D46DE8}") = "Task4", "Task4", "{199AB665-7043-44DD-BF6B-C1D869C75E0B}"
EndProject
Project("{2150E333-8FDC-42A3-9474-1A3956D46DE8}") = "Task5", "Task5", "{066A2DAC-6C74-4EFA-9980-7ADA93F116DA}"
EndProject
Project("{2150E333-8FDC-42A3-9474-1A3956D46DE8}") = "Task6", "Task6", "{E4BFC14F-A89F-4850-9501-79CB5AAD658A}"
EndProject
Project("{2150E333-8FDC-42A3-9474-1A3956D46DE8}") = "Task7", "Task7", "{54C5AFDA-4C96-4212-A046-7231EA044D1F}"
EndProject
Project("{FAE04EC0-301F-11D3-BF4B-00C04F79EFBC}") = "Tyuiu.DevyatovEV.Sprint6.Task0.V23", "Tyuiu.DevyatovEV.Sprint6.Task0.V23\Tyuiu.DevyatovEV.Sprint6.Task0.V23.csproj", "{C38AAC89-5EA7-4017-8327-4D4E61419B2C}"
EndProject
Project("{FAE04EC0-301F-11D3-BF4B-00C04F79EFBC}") = "Tyuiu.DevyatovEV.Sprint6.Task0.V23.Lib", "Tyuiu.DevyatovEV.Sprint6.Task0.V23.Lib\Tyuiu.DevyatovEV.Sprint6.Task0.V23.Lib.csproj", "{9AA508E8-80B3-4724-88C8-B0D596FFB49C}"
EndProject
Project("{FAE04EC0-301F-11D3-BF4B-00C04F79EFBC}") = "Tyuiu.DevyatovEV.Sprint6.Task0.V23.Test", "Tyuiu.DevyatovEV.Sprint6.Task0.V23.Test\Tyuiu.DevyatovEV.Sprint6.Task0.V23.Test.csproj", "{640048D3-007B-42FB-B985-FF718E65413B}"
EndProject
Project("{FAE04EC0-301F-11D3-BF4B-00C04F79EFBC}") = "Tyuiu.DevyatovEV.Sprint6.Task1.V21", "Tyuiu.DevyatovEV.Sprint6.Task1.V21\Tyuiu.DevyatovEV.Sprint6.Task1.V21.csproj", "{09973140-4579-4E6D-85FD-62064BF8A4C1}"
EndProject
Project("{FAE04EC0-301F-11D3-BF4B-00C04F79EFBC}") = "Tyuiu.DevyatovEV.Sprint6.Task1.V21.Lib", "Tyuiu.DevyatovEV.Sprint6.Task1.V21.Lib\Tyuiu.DevyatovEV.Sprint6.Task1.V21.Lib.csproj", "{C4212E39-7FEE-4D5C-AFCD-AF06C08349DE}"
EndProject
Project("{FAE04EC0-301F-11D3-BF4B-00C04F79EFBC}") = "Tyuiu.DevyatovEV.Sprint6.Task1.V21.Test", "Tyuiu.DevyatovEV.Sprint6.Task1.V21.Test\Tyuiu.DevyatovEV.Sprint6.Task1.V21.Test.csproj", "{65624579-3683-4B3A-98F9-75C09E7B4BCD}"
EndProject
Project("{FAE04EC0-301F-11D3-BF4B-00C04F79EFBC}") = "Tyuiu.DevyatovEV.Sprint6.Task2.V12", "Tyuiu.DevyatovEV.Sprint6.Task2.V12\Tyuiu.DevyatovEV.Sprint6.Task2.V12.csproj", "{1B481628-92CA-4302-AB7B-0069386E3822}"
EndProject
Project("{FAE04EC0-301F-11D3-BF4B-00C04F79EFBC}") = "Tyuiu.DevyatovEV.Sprint6.Task2.V12.Test", "Tyuiu.DevyatovEV.Sprint6.Task2.V12.Test\Tyuiu.DevyatovEV.Sprint6.Task2.V12.Test.csproj", "{36C0C3D3-489B-46FC-A8A0-3F6F008139FE}"
EndProject
Project("{FAE04EC0-301F-11D3-BF4B-00C04F79EFBC}") = "Tyuiu.DevyatovEV.Sprint6.Task2.V12.Lib", "Tyuiu.DevyatovEV.Sprint6.Task2.V12.Lib\Tyuiu.DevyatovEV.Sprint6.Task2.V12.Lib.csproj", "{FD5BD238-6746-404B-B03A-0D0E64AB9563}"
EndProject
Project("{FAE04EC0-301F-11D3-BF4B-00C04F79EFBC}") = "Tyuiu.DevyatovEV.Sprint6.Task3.V5", "Tyuiu.DevyatovEV.Sprint6.Task3.V5\Tyuiu.DevyatovEV.Sprint6.Task3.V5.csproj", "{FFEE06BD-7BFD-4660-AFF7-50A7154EAB41}"
EndProject
Project("{FAE04EC0-301F-11D3-BF4B-00C04F79EFBC}") = "Tyuiu.DevyatovEV.Sprint6.Task3.V5.Lib", "Tyuiu.DevyatovEV.Sprint6.Task3.V5.Lib\Tyuiu.DevyatovEV.Sprint6.Task3.V5.Lib.csproj", "{6565772D-6F2F-463B-8D46-346965D480A4}"
EndProject
Project("{FAE04EC0-301F-11D3-BF4B-00C04F79EFBC}") = "Tyuiu.DevyatovEV.Sprint6.Task3.V5.Test", "Tyuiu.DevyatovEV.Sprint6.Task3.V5.Test\Tyuiu.DevyatovEV.Sprint6.Task3.V5.Test.csproj", "{E23CCED8-F567-4A80-B229-8F757377A75D}"
EndProject
Project("{FAE04EC0-301F-11D3-BF4B-00C04F79EFBC}") = "Tyuiu.DevyatovEV.Sprint6.Task4.V2", "Tyuiu.DevyatovEV.Sprint6.Task4.V2\Tyuiu.DevyatovEV.Sprint6.Task4.V2.csproj", "{E9E8376C-DC04-4F55-AA1D-C5A7E0C6C963}"
EndProject
Project("{FAE04EC0-301F-11D3-BF4B-00C04F79EFBC}") = "Tyuiu.DevyatovEV.Sprint6.Task4.V2.Lib", "Tyuiu.DevyatovEV.Sprint6.Task4.V2.Lib\Tyuiu.DevyatovEV.Sprint6.Task4.V2.Lib.csproj", "{97244ECB-2AA8-4844-8FF8-3C998B239F5D}"
EndProject
Project("{FAE04EC0-301F-11D3-BF4B-00C04F79EFBC}") = "Tyuiu.DevyatovEV.Sprint6.Task4.V2.Test", "Tyuiu.DevyatovEV.Sprint6.Task4.V2.Test\Tyuiu.DevyatovEV.Sprint6.Task4.V2.Test.csproj", "{5FB95334-614D-4FD0-9EC5-98B1D0EB5427}"
EndProject
Project("{FAE04EC0-301F-11D3-BF4B-00C04F79EFBC}") = "Tyuiu.DevyatovEV.Sprint6.Task5.V29", "Tyuiu.DevyatovEV.Sprint6.Task5.V29\Tyuiu.DevyatovEV.Sprint6.Task5.V29.csproj", "{8F210104-749C-4589-9080-7CFD24053408}"
EndProject
Project("{FAE04EC0-301F-11D3-BF4B-00C04F79EFBC}") = "Tyuiu.DevyatovEV.Sprint6.Task5.V29.Test", "Tyuiu.DevyatovEV.Sprint6.Task5.V29.Test\Tyuiu.DevyatovEV.Sprint6.Task5.V29.Test.csproj", "{2BC89EAE-24BB-4F8D-8D58-AD2DE933AA47}"
EndProject
Project("{FAE04EC0-301F-11D3-BF4B-00C04F79EFBC}") = "Tyuiu.DevyatovEV.Sprint6.Task5.V29.Lib", "Tyuiu.DevyatovEV.Sprint6.Task5.V29.Lib\Tyuiu.DevyatovEV.Sprint6.Task5.V29.Lib.csproj", "{8AAC7706-4868-45B2-A88F-94A0FEA463D8}"
EndProject
Project("{FAE04EC0-301F-11D3-BF4B-00C04F79EFBC}") = "Tyuiu.DevyatovEV.Sprint6.Task6.V5", "Tyuiu.DevyatovEV.Sprint6.Task6.V5\Tyuiu.DevyatovEV.Sprint6.Task6.V5.csproj", "{48A8B447-F051-4514-AB2F-E6407671EA80}"
EndProject
Project("{FAE04EC0-301F-11D3-BF4B-00C04F79EFBC}") = "Tyuiu.DevyatovEV.Sprint6.Task6.V5.Lib", "Tyuiu.DevyatovEV.Sprint6.Task6.V5.Lib\Tyuiu.DevyatovEV.Sprint6.Task6.V5.Lib.csproj", "{83CF23FB-8215-457C-92EA-38FF58EFE53D}"
EndProject
Project("{FAE04EC0-301F-11D3-BF4B-00C04F79EFBC}") = "Tyuiu.DevyatovEV.Sprint6.Task6.V5.Test", "Tyuiu.DevyatovEV.Sprint6.Task6.V5.Test\Tyuiu.DevyatovEV.Sprint6.Task6.V5.Test.csproj", "{A4B581EB-EB45-4BA6-BE6E-00D558074780}"
EndProject
Project("{FAE04EC0-301F-11D3-BF4B-00C04F79EFBC}") = "Tyuiu.DevyatovEV.Sprint6.Task7.V22", "Tyuiu.DevyatovEV.Sprint6.Task7.V22\Tyuiu.DevyatovEV.Sprint6.Task7.V22.csproj", "{CED90317-5D88-4617-9843-1035905BECAF}"
EndProject
Project("{FAE04EC0-301F-11D3-BF4B-00C04F79EFBC}") = "Tyuiu.DevyatovEV.Sprint6.Task7.V22.Test", "Tyuiu.DevyatovEV.Sprint6.Task7.V22.Test\Tyuiu.DevyatovEV.Sprint6.Task7.V22.Test.csproj", "{A4ED7470-068A-4BAE-9000-46C6A889FB68}"
EndProject
Project("{FAE04EC0-301F-11D3-BF4B-00C04F79EFBC}") = "Tyuiu.DevyatovEV.Sprint6.Task7.V22.Lib", "Tyuiu.DevyatovEV.Sprint6.Task7.V22.Lib\Tyuiu.DevyatovEV.Sprint6.Task7.V22.Lib.csproj", "{833D65D8-95CF-4BF2-8167-5A3B13BC6881}"
EndProject
Global
	GlobalSection(SolutionConfigurationPlatforms) = preSolution
		Debug|Any CPU = Debug|Any CPU
		Release|Any CPU = Release|Any CPU
	EndGlobalSection
	GlobalSection(ProjectConfigurationPlatforms) = postSolution
		{C38AAC89-5EA7-4017-8327-4D4E61419B2C}.Debug|Any CPU.ActiveCfg = Debug|Any CPU
		{C38AAC89-5EA7-4017-8327-4D4E61419B2C}.Debug|Any CPU.Build.0 = Debug|Any CPU
		{C38AAC89-5EA7-4017-8327-4D4E61419B2C}.Release|Any CPU.ActiveCfg = Release|Any CPU
		{C38AAC89-5EA7-4017-8327-4D4E61419B2C}.Release|Any CPU.Build.0 = Release|Any CPU
		{9AA508E8-80B3-4724-88C8-B0D596FFB49C}.Debug|Any CPU.ActiveCfg = Debug|Any CPU
		{9AA508E8-80B3-4724-88C8-B0D596FFB49C}.Debug|Any CPU.Build.0 = Debug|Any CPU
		{9AA508E8-80B3-4724-88C8-B0D596FFB49C}.Release|Any CPU.ActiveCfg = Release|Any CPU
		{9AA508E8-80B3-4724-88C8-B0D596FFB49C}.Release|Any CPU.Build.0 = Release|Any CPU
		{640048D3-007B-42FB-B985-FF718E65413B}.Debug|Any CPU.ActiveCfg = Debug|Any CPU
		{640048D3-007B-42FB-B985-FF718E65413B}.Debug|Any CPU.Build.0 = Debug|Any CPU
		{640048D3-007B-42FB-B985-FF718E65413B}.Release|Any CPU.ActiveCfg = Release|Any CPU
		{640048D3-007B-42FB-B985-FF718E65413B}.Release|Any CPU.Build.0 = Release|Any CPU
		{09973140-4579-4E6D-85FD-62064BF8A4C1}.Debug|Any CPU.ActiveCfg = Debug|Any CPU
		{09973140-4579-4E6D-85FD-62064BF8A4C1}.Debug|Any CPU.Build.0 = Debug|Any CPU
		{09973140-4579-4E6D-85FD-62064BF8A4C1}.Release|Any CPU.ActiveCfg = Release|Any CPU
		{09973140-4579-4E6D-85FD-62064BF8A4C1}.Release|Any CPU.Build.0 = Release|Any CPU
		{C4212E39-7FEE-4D5C-AFCD-AF06C08349DE}.Debug|Any CPU.ActiveCfg = Debug|Any CPU
		{C4212E39-7FEE-4D5C-AFCD-AF06C08349DE}.Debug|Any CPU.Build.0 = Debug|Any CPU
		{C4212E39-7FEE-4D5C-AFCD-AF06C08349DE}.Release|Any CPU.ActiveCfg = Release|Any CPU
		{C4212E39-7FEE-4D5C-AFCD-AF06C08349DE}.Release|Any CPU.Build.0 = Release|Any CPU
		{65624579-3683-4B3A-98F9-75C09E7B4BCD}.Debug|Any CPU.ActiveCfg = Debug|Any CPU
		{65624579-3683-4B3A-98F9-75C09E7B4BCD}.Debug|Any CPU.Build.0 = Debug|Any CPU
		{65624579-3683-4B3A-98F9-75C09E7B4BCD}.Release|Any CPU.ActiveCfg = Release|Any CPU
		{65624579-3683-4B3A-98F9-75C09E7B4BCD}.Release|Any CPU.Build.0 = Release|Any CPU
		{1B481628-92CA-4302-AB7B-0069386E3822}.Debug|Any CPU.ActiveCfg = Debug|Any CPU
		{1B481628-92CA-4302-AB7B-0069386E3822}.Debug|Any CPU.Build.0 = Debug|Any CPU
		{1B481628-92CA-4302-AB7B-0069386E3822}.Release|Any CPU.ActiveCfg = Release|Any CPU
		{1B481628-92CA-4302-AB7B-0069386E3822}.Release|Any CPU.Build.0 = Release|Any CPU
		{36C0C3D3-489B-46FC-A8A0-3F6F008139FE}.Debug|Any CPU.ActiveCfg = Debug|Any CPU
		{36C0C3D3-489B-46FC-A8A0-3F6F008139FE}.Debug|Any CPU.Build.0 = Debug|Any CPU
		{36C0C3D3-489B-46FC-A8A0-3F6F008139FE}.Release|Any CPU.ActiveCfg = Release|Any CPU
		{36C0C3D3-489B-46FC-A8A0-3F6F008139FE}.Release|Any CPU.Build.0 = Release|Any CPU
		{FD5BD238-6746-404B-B03A-0D0E64AB9563}.Debug|Any CPU.ActiveCfg = Debug|Any CPU
		{FD5BD238-6746-404B-B03A-0D0E64AB9563}.Debug|Any CPU.Build.0 = Debug|Any CPU
		{FD5BD238-6746-404B-B03A-0D0E64AB9563}.Release|Any CPU.ActiveCfg = Release|Any CPU
		{FD5BD238-6746-404B-B03A-0D0E64AB9563}.Release|Any CPU.Build.0 = Release|Any CPU
		{FFEE06BD-7BFD-4660-AFF7-50A7154EAB41}.Debug|Any CPU.ActiveCfg = Debug|Any CPU
		{FFEE06BD-7BFD-4660-AFF7-50A7154EAB41}.Debug|Any CPU.Build.0 = Debug|Any CPU
		{FFEE06BD-7BFD-4660-AFF7-50A7154EAB41}.Release|Any CPU.ActiveCfg = Release|Any CPU
		{FFEE06BD-7BFD-4660-AFF7-50A7154EAB41}.Release|Any CPU.Build.0 = Release|Any CPU
		{6565772D-6F2F-463B-8D46-346965D480A4}.Debug|Any CPU.ActiveCfg = Debug|Any CPU
		{6565772D-6F2F-463B-8D46-346965D480A4}.Debug|Any CPU.Build.0 = Debug|Any CPU
		{6565772D-6F2F-463B-8D46-346965D480A4}.Release|Any CPU.ActiveCfg = Release|Any CPU
		{6565772D-6F2F-463B-8D46-346965D480A4}.Release|Any CPU.Build.0 = Release|Any CPU
		{E23CCED8-F567-4A80-B229-8F757377A75D}.Debug|Any CPU.ActiveCfg = Debug|Any CPU
		{E23CCED8-F567-4A80-B229-8F757377A75D}.Debug|Any CPU.Build.0 = Debug|Any CPU
		{E23CCED8-F567-4A80-B229-8F757377A75D}.Release|Any CPU.ActiveCfg = Release|Any CPU
		{E23CCED8-F567-4A80-B229-8F757377A75D}.Release|Any CPU.Build.0 = Release|Any CPU
		{E9E8376C-DC04-4F55-AA1D-C5A7E0C6C963}.Debug|Any CPU.ActiveCfg = Debug|Any CPU
		{E9E8376C-DC04-4F55-AA1D-C5A7E0C6C963}.Debug|Any CPU.Build.0 = Debug|Any CPU
		{E9E8376C-DC04-4F55-AA1D-C5A7E0C6C963}.Release|Any CPU.ActiveCfg = Release|Any CPU
		{E9E8376C-DC04-4F55-AA1D-C5A7E0C6C963}.Release|Any CPU.Build.0 = Release|Any CPU
		{97244ECB-2AA8-4844-8FF8-3C998B239F5D}.Debug|Any CPU.ActiveCfg = Debug|Any CPU
		{97244ECB-2AA8-4844-8FF8-3C998B239F5D}.Debug|Any CPU.Build.0 = Debug|Any CPU
		{97244ECB-2AA8-4844-8FF8-3C998B239F5D}.Release|Any CPU.ActiveCfg = Release|Any CPU
		{97244ECB-2AA8-4844-8FF8-3C998B239F5D}.Release|Any CPU.Build.0 = Release|Any CPU
		{5FB95334-614D-4FD0-9EC5-98B1D0EB5427}.Debug|Any CPU.ActiveCfg = Debug|Any CPU
		{5FB95334-614D-4FD0-9EC5-98B1D0EB5427}.Debug|Any CPU.Build.0 = Debug|Any CPU
		{5FB95334-614D-4FD0-9EC5-98B1D0EB5427}.Release|Any CPU.ActiveCfg = Release|Any CPU
		{5FB95334-614D-4FD0-9EC5-98B1D0EB5427}.Release|Any CPU.Build.0 = Release|Any CPU
		{8F210104-749C-4589-9080-7CFD24053408}.Debug|Any CPU.ActiveCfg = Debug|Any CPU
		{8F210104-749C-4589-9080-7CFD24053408}.Debug|Any CPU.Build.0 = Debug|Any CPU
		{8F210104-749C-4589-9080-7CFD24053408}.Release|Any CPU.ActiveCfg = Release|Any CPU
		{8F210104-749C-4589-9080-7CFD24053408}.Release|Any CPU.Build.0 = Release|Any CPU
		{2BC89EAE-24BB-4F8D-8D58-AD2DE933AA47}.Debug|Any CPU.ActiveCfg = Debug|Any CPU
		{2BC89EAE-24BB-4F8D-8D58-AD2DE933AA47}.Debug|Any CPU.Build.0 = Debug|Any CPU
		{2BC89EAE-24BB-4F8D-8D58-AD2DE933AA47}.Release|Any CPU.ActiveCfg = Release|Any CPU
		{2BC89EAE-24BB-4F8D-8D58-AD2DE933AA47}.Release|Any CPU.Build.0 = Release|Any CPU
		{8AAC7706-4868-45B2-A88F-94A0FEA463D8}.Debug|Any CPU.ActiveCfg = Debug|Any CPU
		{8AAC7706-4868-45B2-A88F-94A0FEA463D8}.Debug|Any CPU.Build.0 = Debug|Any CPU
		{8AAC7706-4868-45B2-A88F-94A0FEA463D8}.Release|Any CPU.ActiveCfg = Release|Any CPU
		{8AAC7706-4868-45B2-A88F-94A0FEA463D8}.Release|Any CPU.Build.0 = Release|Any CPU
		{48A8B447-F051-4514-AB2F-E6407671EA80}.Debug|Any CPU.ActiveCfg = Debug|Any CPU
		{48A8B447-F051-4514-AB2F-E6407671EA80}.Debug|Any CPU.Build.0 = Debug|Any CPU
		{48A8B447-F051-4514-AB2F-E6407671EA80}.Release|Any CPU.ActiveCfg = Release|Any CPU
		{48A8B447-F051-4514-AB2F-E6407671EA80}.Release|Any CPU.Build.0 = Release|Any CPU
		{83CF23FB-8215-457C-92EA-38FF58EFE53D}.Debug|Any CPU.ActiveCfg = Debug|Any CPU
		{83CF23FB-8215-457C-92EA-38FF58EFE53D}.Debug|Any CPU.Build.0 = Debug|Any CPU
		{83CF23FB-8215-457C-92EA-38FF58EFE53D}.Release|Any CPU.ActiveCfg = Release|Any CPU
		{83CF23FB-8215-457C-92EA-38FF58EFE53D}.Release|Any CPU.Build.0 = Release|Any CPU
		{A4B581EB-EB45-4BA6-BE6E-00D558074780}.Debug|Any CPU.ActiveCfg = Debug|Any CPU
		{A4B581EB-EB45-4BA6-BE6E-00D558074780}.Debug|Any CPU.Build.0 = Debug|Any CPU
		{A4B581EB-EB45-4BA6-BE6E-00D558074780}.Release|Any CPU.ActiveCfg = Release|Any CPU
		{A4B581EB-EB45-4BA6-BE6E-00D558074780}.Release|Any CPU.Build.0 = Release|Any CPU
		{CED90317-5D88-4617-9843-1035905BECAF}.Debug|Any CPU.ActiveCfg = Debug|Any CPU
		{CED90317-5D88-4617-9843-1035905BECAF}.Debug|Any CPU.Build.0 = Debug|Any CPU
		{CED90317-5D88-4617-9843-1035905BECAF}.Release|Any CPU.ActiveCfg = Release|Any CPU
		{CED90317-5D88-4617-9843-1035905BECAF}.Release|Any CPU.Build.0 = Release|Any CPU
		{A4ED7470-068A-4BAE-9000-46C6A889FB68}.Debug|Any CPU.ActiveCfg = Debug|Any CPU
		{A4ED7470-068A-4BAE-9000-46C6A889FB68}.Debug|Any CPU.Build.0 = Debug|Any CPU
		{A4ED7470-068A-4BAE-9000-46C6A889FB68}.Release|Any CPU.ActiveCfg = Release|Any CPU
		{A4ED7470-068A-4BAE-9000-46C6A889FB68}.Release|Any CPU.Build.0 = Release|Any CPU
		{833D65D8-95CF-4BF2-8167-5A3B13BC6881}.Debug|Any CPU.ActiveCfg = Debug|Any CPU
		{833D65D8-95CF-4BF2-8167-5A3B13BC6881}.Debug|Any CPU.Build.0 = Debug|Any CPU
		{833D65D8-95CF-4BF2-8167-5A3B13BC6881}.Release|Any CPU.ActiveCfg = Release|Any CPU
		{833D65D8-95CF-4BF2-8167-5A3B13BC6881}.Release|Any CPU.Build.0 = Release|Any CPU
	EndGlobalSection
	GlobalSection(SolutionProperties) = preSolution
		HideSolutionNode = FALSE
	EndGlobalSection
	GlobalSection(NestedProjects) = preSolution
		{C38AAC89-5EA7-4017-8327-4D4E61419B2C} = {02EA681E-C7D8-13C7-8484-4AC65E1B71E8}
		{9AA508E8-80B3-4724-88C8-B0D596FFB49C} = {02EA681E-C7D8-13C7-8484-4AC65E1B71E8}
		{640048D3-007B-42FB-B985-FF718E65413B} = {02EA681E-C7D8-13C7-8484-4AC65E1B71E8}
		{09973140-4579-4E6D-85FD-62064BF8A4C1} = {8BCCAC98-82DA-4773-8135-C4A3EA9463E2}
		{C4212E39-7FEE-4D5C-AFCD-AF06C08349DE} = {8BCCAC98-82DA-4773-8135-C4A3EA9463E2}
		{65624579-3683-4B3A-98F9-75C09E7B4BCD} = {8BCCAC98-82DA-4773-8135-C4A3EA9463E2}
		{1B481628-92CA-4302-AB7B-0069386E3822} = {7A8C7017-4E4A-4252-9196-CB7018067FCB}
		{36C0C3D3-489B-46FC-A8A0-3F6F008139FE} = {7A8C7017-4E4A-4252-9196-CB7018067FCB}
		{FD5BD238-6746-404B-B03A-0D0E64AB9563} = {7A8C7017-4E4A-4252-9196-CB7018067FCB}
		{FFEE06BD-7BFD-4660-AFF7-50A7154EAB41} = {A288B865-4E71-406B-9D7A-87021FE5703D}
		{6565772D-6F2F-463B-8D46-346965D480A4} = {A288B865-4E71-406B-9D7A-87021FE5703D}
		{E23CCED8-F567-4A80-B229-8F757377A75D} = {A288B865-4E71-406B-9D7A-87021FE5703D}
		{E9E8376C-DC04-4F55-AA1D-C5A7E0C6C963} = {199AB665-7043-44DD-BF6B-C1D869C75E0B}
		{97244ECB-2AA8-4844-8FF8-3C998B239F5D} = {199AB665-7043-44DD-BF6B-C1D869C75E0B}
		{5FB95334-614D-4FD0-9EC5-98B1D0EB5427} = {199AB665-7043-44DD-BF6B-C1D869C75E0B}
		{8F210104-749C-4589-9080-7CFD24053408} = {066A2DAC-6C74-4EFA-9980-7ADA93F116DA}
		{2BC89EAE-24BB-4F8D-8D58-AD2DE933AA47} = {066A2DAC-6C74-4EFA-9980-7ADA93F116DA}
		{8AAC7706-4868-45B2-A88F-94A0FEA463D8} = {066A2DAC-6C74-4EFA-9980-7ADA93F116DA}
		{48A8B447-F051-4514-AB2F-E6407671EA80} = {E4BFC14F-A89F-4850-9501-79CB5AAD658A}
		{83CF23FB-8215-457C-92EA-38FF58EFE53D} = {E4BFC14F-A89F-4850-9501-79CB5AAD658A}
		{A4B581EB-EB45-4BA6-BE6E-00D558074780} = {E4BFC14F-A89F-4850-9501-79CB5AAD658A}
		{CED90317-5D88-4617-9843-1035905BECAF} = {54C5AFDA-4C96-4212-A046-7231EA044D1F}
		{A4ED7470-068A-4BAE-9000-46C6A889FB68} = {54C5AFDA-4C96-4212-A046-7231EA044D1F}
		{833D65D8-95CF-4BF2-8167-5A3B13BC6881} = {54C5AFDA-4C96-4212-A046-7231EA044D1F}
	EndGlobalSection
	GlobalSection(ExtensibilityGlobals) = postSolution
		SolutionGuid = {3DDF432F-C48E-4653-92B7-177C2E6C18AA}
	EndGlobalSection
EndGlobal
